
Microsoft Visual Studio Solution File, Format Version 12.00
# Visual Studio Version 16
VisualStudioVersion = 16.0.29728.190
MinimumVisualStudioVersion = 10.0.40219.1
Project("{FAE04EC0-301F-11D3-BF4B-00C04F79EFBC}") = "Vidly", "Vidly.csproj", "{8057EF2F-418B-49BF-9840-3689BDC358F2}"
EndProject
Global
	GlobalSection(SolutionConfigurationPlatforms) = preSolution
		Debug|Any CPU = Debug|Any CPU
		Release|Any CPU = Release|Any CPU
	EndGlobalSection
	GlobalSection(ProjectConfigurationPlatforms) = postSolution
		{8057EF2F-418B-49BF-9840-3689BDC358F2}.Debug|Any CPU.ActiveCfg = Debug|Any CPU
		{8057EF2F-418B-49BF-9840-3689BDC358F2}.Debug|Any CPU.Build.0 = Debug|Any CPU
		{8057EF2F-418B-49BF-9840-3689BDC358F2}.Release|Any CPU.ActiveCfg = Release|Any CPU
		{8057EF2F-418B-49BF-9840-3689BDC358F2}.Release|Any CPU.Build.0 = Release|Any CPU
	EndGlobalSection
	GlobalSection(SolutionProperties) = preSolution
		HideSolutionNode = FALSE
	EndGlobalSection
	GlobalSection(ExtensibilityGlobals) = postSolution
		SolutionGuid = {17329276-E3FE-42A7-B6C2-59A1FA94521F}
	EndGlobalSection
EndGlobal
